
Microsoft Visual Studio Solution File, Format Version 12.00
# Visual Studio 15
VisualStudioVersion = 15.0.28307.779
MinimumVisualStudioVersion = 10.0.40219.1
Project("{FAE04EC0-301F-11D3-BF4B-00C04F79EFBC}") = "WebApplication17", "WebApplication17\WebApplication17.csproj", "{96938317-BB95-4688-A3A0-CF1EFAFAE7C9}"
EndProject
Global
	GlobalSection(SolutionConfigurationPlatforms) = preSolution
		Debug|Any CPU = Debug|Any CPU
		Release|Any CPU = Release|Any CPU
	EndGlobalSection
	GlobalSection(ProjectConfigurationPlatforms) = postSolution
		{96938317-BB95-4688-A3A0-CF1EFAFAE7C9}.Debug|Any CPU.ActiveCfg = Debug|Any CPU
		{96938317-BB95-4688-A3A0-CF1EFAFAE7C9}.Debug|Any CPU.Build.0 = Debug|Any CPU
		{96938317-BB95-4688-A3A0-CF1EFAFAE7C9}.Release|Any CPU.ActiveCfg = Release|Any CPU
		{96938317-BB95-4688-A3A0-CF1EFAFAE7C9}.Release|Any CPU.Build.0 = Release|Any CPU
	EndGlobalSection
	GlobalSection(SolutionProperties) = preSolution
		HideSolutionNode = FALSE
	EndGlobalSection
	GlobalSection(ExtensibilityGlobals) = postSolution
		SolutionGuid = {A32BC414-F55A-4387-AEC0-F38D8DD7A86B}
	EndGlobalSection
EndGlobal
